
Microsoft Visual Studio Solution File, Format Version 12.00
# Visual Studio Version 16
VisualStudioVersion = 16.0.29926.136
MinimumVisualStudioVersion = 10.0.40219.1
Project("{FAE04EC0-301F-11D3-BF4B-00C04F79EFBC}") = "Delmain-Capstone", "Delmain-C969\Delmain-Capstone.csproj", "{9620BAE9-2518-47A9-BFE4-8B4E1F0FAD22}"
EndProject
Project("{FAE04EC0-301F-11D3-BF4B-00C04F79EFBC}") = "UnitTest", "UnitTest\UnitTest.csproj", "{E48F0033-85AE-43F1-A347-17E0406D9F3C}"
EndProject
Global
	GlobalSection(SolutionConfigurationPlatforms) = preSolution
		Debug|Any CPU = Debug|Any CPU
		Release|Any CPU = Release|Any CPU
	EndGlobalSection
	GlobalSection(ProjectConfigurationPlatforms) = postSolution
		{9620BAE9-2518-47A9-BFE4-8B4E1F0FAD22}.Debug|Any CPU.ActiveCfg = Debug|Any CPU
		{9620BAE9-2518-47A9-BFE4-8B4E1F0FAD22}.Debug|Any CPU.Build.0 = Debug|Any CPU
		{9620BAE9-2518-47A9-BFE4-8B4E1F0FAD22}.Release|Any CPU.ActiveCfg = Release|Any CPU
		{9620BAE9-2518-47A9-BFE4-8B4E1F0FAD22}.Release|Any CPU.Build.0 = Release|Any CPU
		{E48F0033-85AE-43F1-A347-17E0406D9F3C}.Debug|Any CPU.ActiveCfg = Debug|Any CPU
		{E48F0033-85AE-43F1-A347-17E0406D9F3C}.Debug|Any CPU.Build.0 = Debug|Any CPU
		{E48F0033-85AE-43F1-A347-17E0406D9F3C}.Release|Any CPU.ActiveCfg = Release|Any CPU
		{E48F0033-85AE-43F1-A347-17E0406D9F3C}.Release|Any CPU.Build.0 = Release|Any CPU
	EndGlobalSection
	GlobalSection(SolutionProperties) = preSolution
		HideSolutionNode = FALSE
	EndGlobalSection
	GlobalSection(ExtensibilityGlobals) = postSolution
		SolutionGuid = {2740FFD2-BF14-4C1A-8B4C-784802729CAD}
	EndGlobalSection
EndGlobal
